// !$*UTF8*$!
{
	archiveVersion = 1;
	classes = {
	};
	objectVersion = 56;
	objects = {

/* Begin PBXBuildFile section */
		43B9981D28DF3393007A431F /* AppDelegate.swift in Sources */ = {isa = PBXBuildFile; fileRef = 43B9981C28DF3393007A431F /* AppDelegate.swift */; };
		43B9981F28DF3393007A431F /* SceneDelegate.swift in Sources */ = {isa = PBXBuildFile; fileRef = 43B9981E28DF3393007A431F /* SceneDelegate.swift */; };
		43B9982128DF3393007A431F /* ViewController.swift in Sources */ = {isa = PBXBuildFile; fileRef = 43B9982028DF3393007A431F /* ViewController.swift */; };
		43B9982428DF3393007A431F /* Main.storyboard in Resources */ = {isa = PBXBuildFile; fileRef = 43B9982228DF3393007A431F /* Main.storyboard */; };
		43B9982628DF33A1007A431F /* Assets.xcassets in Resources */ = {isa = PBXBuildFile; fileRef = 43B9982528DF33A1007A431F /* Assets.xcassets */; };
		43B9982928DF33A1007A431F /* LaunchScreen.storyboard in Resources */ = {isa = PBXBuildFile; fileRef = 43B9982728DF33A1007A431F /* LaunchScreen.storyboard */; };
		43B9983128DF3617007A431F /* StretchyHeaderCollectionViewController.swift in Sources */ = {isa = PBXBuildFile; fileRef = 43B9983028DF3617007A431F /* StretchyHeaderCollectionViewController.swift */; };
		43B9983328DF364D007A431F /* StretchyHeaderView.swift in Sources */ = {isa = PBXBuildFile; fileRef = 43B9983228DF364D007A431F /* StretchyHeaderView.swift */; };
		43B9983528DF4642007A431F /* HeaderView.swift in Sources */ = {isa = PBXBuildFile; fileRef = 43B9983428DF4642007A431F /* HeaderView.swift */; };
		43B9983728DF4F3F007A431F /* Extensions+UIView.swift in Sources */ = {isa = PBXBuildFile; fileRef = 43B9983628DF4F3F007A431F /* Extensions+UIView.swift */; };
		43B9983A28DF526A007A431F /* StretchyHeaderLayout.swift in Sources */ = {isa = PBXBuildFile; fileRef = 43B9983928DF526A007A431F /* StretchyHeaderLayout.swift */; };
/* End PBXBuildFile section */

/* Begin PBXFileReference section */
		43B9981928DF3393007A431F /* StickyCollectionHEader.app */ = {isa = PBXFileReference; explicitFileType = wrapper.application; includeInIndex = 0; path = StickyCollectionHEader.app; sourceTree = BUILT_PRODUCTS_DIR; };
		43B9981C28DF3393007A431F /* AppDelegate.swift */ = {isa = PBXFileReference; lastKnownFileType = sourcecode.swift; path = AppDelegate.swift; sourceTree = "<group>"; };
		43B9981E28DF3393007A431F /* SceneDelegate.swift */ = {isa = PBXFileReference; lastKnownFileType = sourcecode.swift; path = SceneDelegate.swift; sourceTree = "<group>"; };
		43B9982028DF3393007A431F /* ViewController.swift */ = {isa = PBXFileReference; lastKnownFileType = sourcecode.swift; path = ViewController.swift; sourceTree = "<group>"; };
		43B9982328DF3393007A431F /* Base */ = {isa = PBXFileReference; lastKnownFileType = file.storyboard; name = Base; path = Base.lproj/Main.storyboard; sourceTree = "<group>"; };
		43B9982528DF33A1007A431F /* Assets.xcassets */ = {isa = PBXFileReference; lastKnownFileType = folder.assetcatalog; path = Assets.xcassets; sourceTree = "<group>"; };
		43B9982828DF33A1007A431F /* Base */ = {isa = PBXFileReference; lastKnownFileType = file.storyboard; name = Base; path = Base.lproj/LaunchScreen.storyboard; sourceTree = "<group>"; };
		43B9982A28DF33A1007A431F /* Info.plist */ = {isa = PBXFileReference; lastKnownFileType = text.plist.xml; path = Info.plist; sourceTree = "<group>"; };
		43B9983028DF3617007A431F /* StretchyHeaderCollectionViewController.swift */ = {isa = PBXFileReference; lastKnownFileType = sourcecode.swift; path = StretchyHeaderCollectionViewController.swift; sourceTree = "<group>"; };
		43B9983228DF364D007A431F /* StretchyHeaderView.swift */ = {isa = PBXFileReference; lastKnownFileType = sourcecode.swift; path = StretchyHeaderView.swift; sourceTree = "<group>"; };
		43B9983428DF4642007A431F /* HeaderView.swift */ = {isa = PBXFileReference; lastKnownFileType = sourcecode.swift; path = HeaderView.swift; sourceTree = "<group>"; };
		43B9983628DF4F3F007A431F /* Extensions+UIView.swift */ = {isa = PBXFileReference; lastKnownFileType = sourcecode.swift; path = "Extensions+UIView.swift"; sourceTree = "<group>"; };
		43B9983928DF526A007A431F /* StretchyHeaderLayout.swift */ = {isa = PBXFileReference; lastKnownFileType = sourcecode.swift; path = StretchyHeaderLayout.swift; sourceTree = "<group>"; };
/* End PBXFileReference section */

/* Begin PBXFrameworksBuildPhase section */
		43B9981628DF3393007A431F /* Frameworks */ = {
			isa = PBXFrameworksBuildPhase;
			buildActionMask = 2147483647;
			files = (
			);
			runOnlyForDeploymentPostprocessing = 0;
		};
/* End PBXFrameworksBuildPhase section */

/* Begin PBXGroup section */
		43B9981028DF3393007A431F = {
			isa = PBXGroup;
			children = (
				43B9981B28DF3393007A431F /* StickyCollectionHEader */,
				43B9981A28DF3393007A431F /* Products */,
			);
			sourceTree = "<group>";
		};
		43B9981A28DF3393007A431F /* Products */ = {
			isa = PBXGroup;
			children = (
				43B9981928DF3393007A431F /* StickyCollectionHEader.app */,
			);
			name = Products;
			sourceTree = "<group>";
		};
		43B9981B28DF3393007A431F /* StickyCollectionHEader */ = {
			isa = PBXGroup;
			children = (
				43B9983828DF51E5007A431F /* Custom */,
				43B9983428DF4642007A431F /* HeaderView.swift */,
				43B9983028DF3617007A431F /* StretchyHeaderCollectionViewController.swift */,
				43B9983228DF364D007A431F /* StretchyHeaderView.swift */,
				43B9981C28DF3393007A431F /* AppDelegate.swift */,
				43B9981E28DF3393007A431F /* SceneDelegate.swift */,
				43B9982028DF3393007A431F /* ViewController.swift */,
				43B9982228DF3393007A431F /* Main.storyboard */,
				43B9982528DF33A1007A431F /* Assets.xcassets */,
				43B9982728DF33A1007A431F /* LaunchScreen.storyboard */,
				43B9982A28DF33A1007A431F /* Info.plist */,
				43B9983628DF4F3F007A431F /* Extensions+UIView.swift */,
			);
			path = StickyCollectionHEader;
			sourceTree = "<group>";
		};
		43B9983828DF51E5007A431F /* Custom */ = {
			isa = PBXGroup;
			children = (
				43B9983928DF526A007A431F /* StretchyHeaderLayout.swift */,
			);
			path = Custom;
			sourceTree = "<group>";
		};
/* End PBXGroup section */

/* Begin PBXNativeTarget section */
		43B9981828DF3393007A431F /* StickyCollectionHEader */ = {
			isa = PBXNativeTarget;
			buildConfigurationList = 43B9982D28DF33A1007A431F /* Build configuration list for PBXNativeTarget "StickyCollectionHEader" */;
			buildPhases = (
				43B9981528DF3393007A431F /* Sources */,
				43B9981628DF3393007A431F /* Frameworks */,
				43B9981728DF3393007A431F /* Resources */,
			);
			buildRules = (
			);
			dependencies = (
			);
			name = StickyCollectionHEader;
			productName = StickyCollectionHEader;
			productReference = 43B9981928DF3393007A431F /* StickyCollectionHEader.app */;
			productType = "com.apple.product-type.application";
		};
/* End PBXNativeTarget section */

/* Begin PBXProject section */
		43B9981128DF3393007A431F /* Project object */ = {
			isa = PBXProject;
			attributes = {
				BuildIndependentTargetsInParallel = 1;
				LastSwiftUpdateCheck = 1400;
				LastUpgradeCheck = 1400;
				TargetAttributes = {
					43B9981828DF3393007A431F = {
						CreatedOnToolsVersion = 14.0;
					};
				};
			};
			buildConfigurationList = 43B9981428DF3393007A431F /* Build configuration list for PBXProject "StickyCollectionHEader" */;
			compatibilityVersion = "Xcode 14.0";
			developmentRegion = en;
			hasScannedForEncodings = 0;
			knownRegions = (
				en,
				Base,
			);
			mainGroup = 43B9981028DF3393007A431F;
			productRefGroup = 43B9981A28DF3393007A431F /* Products */;
			projectDirPath = "";
			projectRoot = "";
			targets = (
				43B9981828DF3393007A431F /* StickyCollectionHEader */,
			);
		};
/* End PBXProject section */

/* Begin PBXResourcesBuildPhase section */
		43B9981728DF3393007A431F /* Resources */ = {
			isa = PBXResourcesBuildPhase;
			buildActionMask = 2147483647;
			files = (
				43B9982928DF33A1007A431F /* LaunchScreen.storyboard in Resources */,
				43B9982628DF33A1007A431F /* Assets.xcassets in Resources */,
				43B9982428DF3393007A431F /* Main.storyboard in Resources */,
			);
			runOnlyForDeploymentPostprocessing = 0;
		};
/* End PBXResourcesBuildPhase section */

/* Begin PBXSourcesBuildPhase section */
		43B9981528DF3393007A431F /* Sources */ = {
			isa = PBXSourcesBuildPhase;
			buildActionMask = 2147483647;
			files = (
				43B9983728DF4F3F007A431F /* Extensions+UIView.swift in Sources */,
				43B9982128DF3393007A431F /* ViewController.swift in Sources */,
				43B9983A28DF526A007A431F /* StretchyHeaderLayout.swift in Sources */,
				43B9983528DF4642007A431F /* HeaderView.swift in Sources */,
				43B9983128DF3617007A431F /* StretchyHeaderCollectionViewController.swift in Sources */,
				43B9983328DF364D007A431F /* StretchyHeaderView.swift in Sources */,
				43B9981D28DF3393007A431F /* AppDelegate.swift in Sources */,
				43B9981F28DF3393007A431F /* SceneDelegate.swift in Sources */,
			);
			runOnlyForDeploymentPostprocessing = 0;
		};
/* End PBXSourcesBuildPhase section */

/* Begin PBXVariantGroup section */
		43B9982228DF3393007A431F /* Main.storyboard */ = {
			isa = PBXVariantGroup;
			children = (
				43B9982328DF3393007A431F /* Base */,
			);
			name = Main.storyboard;
			sourceTree = "<group>";
		};
		43B9982728DF33A1007A431F /* LaunchScreen.storyboard */ = {
			isa = PBXVariantGroup;
			children = (
				43B9982828DF33A1007A431F /* Base */,
			);
			name = LaunchScreen.storyboard;
			sourceTree = "<group>";
		};
/* End PBXVariantGroup section */

/* Begin XCBuildConfiguration section */
		43B9982B28DF33A1007A431F /* Debug */ = {
			isa = XCBuildConfiguration;
			buildSettings = {
				ALWAYS_SEARCH_USER_PATHS = NO;
				CLANG_ANALYZER_NONNULL = YES;
				CLANG_ANALYZER_NUMBER_OBJECT_CONVERSION = YES_AGGRESSIVE;
				CLANG_CXX_LANGUAGE_STANDARD = "gnu++20";
				CLANG_ENABLE_MODULES = YES;
				CLANG_ENABLE_OBJC_ARC = YES;
				CLANG_ENABLE_OBJC_WEAK = YES;
				CLANG_WARN_BLOCK_CAPTURE_AUTORELEASING = YES;
				CLANG_WARN_BOOL_CONVERSION = YES;
				CLANG_WARN_COMMA = YES;
				CLANG_WARN_CONSTANT_CONVERSION = YES;
				CLANG_WARN_DEPRECATED_OBJC_IMPLEMENTATIONS = YES;
				CLANG_WARN_DIRECT_OBJC_ISA_USAGE = YES_ERROR;
				CLANG_WARN_DOCUMENTATION_COMMENTS = YES;
				CLANG_WARN_EMPTY_BODY = YES;
				CLANG_WARN_ENUM_CONVERSION = YES;
				CLANG_WARN_INFINITE_RECURSION = YES;
				CLANG_WARN_INT_CONVERSION = YES;
				CLANG_WARN_NON_LITERAL_NULL_CONVERSION = YES;
				CLANG_WARN_OBJC_IMPLICIT_RETAIN_SELF = YES;
				CLANG_WARN_OBJC_LITERAL_CONVERSION = YES;
				CLANG_WARN_OBJC_ROOT_CLASS = YES_ERROR;
				CLANG_WARN_QUOTED_INCLUDE_IN_FRAMEWORK_HEADER = YES;
				CLANG_WARN_RANGE_LOOP_ANALYSIS = YES;
				CLANG_WARN_STRICT_PROTOTYPES = YES;
				CLANG_WARN_SUSPICIOUS_MOVE = YES;
				CLANG_WARN_UNGUARDED_AVAILABILITY = YES_AGGRESSIVE;
				CLANG_WARN_UNREACHABLE_CODE = YES;
				CLANG_WARN__DUPLICATE_METHOD_MATCH = YES;
				COPY_PHASE_STRIP = NO;
				DEBUG_INFORMATION_FORMAT = dwarf;
				ENABLE_STRICT_OBJC_MSGSEND = YES;
				ENABLE_TESTABILITY = YES;
				GCC_C_LANGUAGE_STANDARD = gnu11;
				GCC_DYNAMIC_NO_PIC = NO;
				GCC_NO_COMMON_BLOCKS = YES;
				GCC_OPTIMIZATION_LEVEL = 0;
				GCC_PREPROCESSOR_DEFINITIONS = (
					"DEBUG=1",
					"$(inherited)",
				);
				GCC_WARN_64_TO_32_BIT_CONVERSION = YES;
				GCC_WARN_ABOUT_RETURN_TYPE = YES_ERROR;
				GCC_WARN_UNDECLARED_SELECTOR = YES;
				GCC_WARN_UNINITIALIZED_AUTOS = YES_AGGRESSIVE;
				GCC_WARN_UNUSED_FUNCTION = YES;
				GCC_WARN_UNUSED_VARIABLE = YES;
				IPHONEOS_DEPLOYMENT_TARGET = 16.0;
				MTL_ENABLE_DEBUG_INFO = INCLUDE_SOURCE;
				MTL_FAST_MATH = YES;
				ONLY_ACTIVE_ARCH = YES;
				SDKROOT = iphoneos;
				SWIFT_ACTIVE_COMPILATION_CONDITIONS = DEBUG;
				SWIFT_OPTIMIZATION_LEVEL = "-Onone";
			};
			name = Debug;
		};
		43B9982C28DF33A1007A431F /* Release */ = {
			isa = XCBuildConfiguration;
			buildSettings = {
				ALWAYS_SEARCH_USER_PATHS = NO;
				CLANG_ANALYZER_NONNULL = YES;
				CLANG_ANALYZER_NUMBER_OBJECT_CONVERSION = YES_AGGRESSIVE;
				CLANG_CXX_LANGUAGE_STANDARD = "gnu++20";
				CLANG_ENABLE_MODULES = YES;
				CLANG_ENABLE_OBJC_ARC = YES;
				CLANG_ENABLE_OBJC_WEAK = YES;
				CLANG_WARN_BLOCK_CAPTURE_AUTORELEASING = YES;
				CLANG_WARN_BOOL_CONVERSION = YES;
				CLANG_WARN_COMMA = YES;
				CLANG_WARN_CONSTANT_CONVERSION = YES;
				CLANG_WARN_DEPRECATED_OBJC_IMPLEMENTATIONS = YES;
				CLANG_WARN_DIRECT_OBJC_ISA_USAGE = YES_ERROR;
				CLANG_WARN_DOCUMENTATION_COMMENTS = YES;
				CLANG_WARN_EMPTY_BODY = YES;
				CLANG_WARN_ENUM_CONVERSION = YES;
				CLANG_WARN_INFINITE_RECURSION = YES;
				CLANG_WARN_INT_CONVERSION = YES;
				CLANG_WARN_NON_LITERAL_NULL_CONVERSION = YES;
				CLANG_WARN_OBJC_IMPLICIT_RETAIN_SELF = YES;
				CLANG_WARN_OBJC_LITERAL_CONVERSION = YES;
				CLANG_WARN_OBJC_ROOT_CLASS = YES_ERROR;
				CLANG_WARN_QUOTED_INCLUDE_IN_FRAMEWORK_HEADER = YES;
				CLANG_WARN_RANGE_LOOP_ANALYSIS = YES;
				CLANG_WARN_STRICT_PROTOTYPES = YES;
				CLANG_WARN_SUSPICIOUS_MOVE = YES;
				CLANG_WARN_UNGUARDED_AVAILABILITY = YES_AGGRESSIVE;
				CLANG_WARN_UNREACHABLE_CODE = YES;
				CLANG_WARN__DUPLICATE_METHOD_MATCH = YES;
				COPY_PHASE_STRIP = NO;
				DEBUG_INFORMATION_FORMAT = "dwarf-with-dsym";
				ENABLE_NS_ASSERTIONS = NO;
				ENABLE_STRICT_OBJC_MSGSEND = YES;
				GCC_C_LANGUAGE_STANDARD = gnu11;
				GCC_NO_COMMON_BLOCKS = YES;
				GCC_WARN_64_TO_32_BIT_CONVERSION = YES;
				GCC_WARN_ABOUT_RETURN_TYPE = YES_ERROR;
				GCC_WARN_UNDECLARED_SELECTOR = YES;
				GCC_WARN_UNINITIALIZED_AUTOS = YES_AGGRESSIVE;
				GCC_WARN_UNUSED_FUNCTION = YES;
				GCC_WARN_UNUSED_VARIABLE = YES;
				IPHONEOS_DEPLOYMENT_TARGET = 16.0;
				MTL_ENABLE_DEBUG_INFO = NO;
				MTL_FAST_MATH = YES;
				SDKROOT = iphoneos;
				SWIFT_COMPILATION_MODE = wholemodule;
				SWIFT_OPTIMIZATION_LEVEL = "-O";
				VALIDATE_PRODUCT = YES;
			};
			name = Release;
		};
		43B9982E28DF33A1007A431F /* Debug */ = {
			isa = XCBuildConfiguration;
			buildSettings = {
				ASSETCATALOG_COMPILER_APPICON_NAME = AppIcon;
				ASSETCATALOG_COMPILER_GLOBAL_ACCENT_COLOR_NAME = AccentColor;
				CODE_SIGN_STYLE = Automatic;
				CURRENT_PROJECT_VERSION = 1;
				DEVELOPMENT_TEAM = 8K52FAQ674;
				GENERATE_INFOPLIST_FILE = YES;
				INFOPLIST_FILE = StickyCollectionHEader/Info.plist;
				INFOPLIST_KEY_UIApplicationSupportsIndirectInputEvents = YES;
				INFOPLIST_KEY_UILaunchStoryboardName = LaunchScreen;
				INFOPLIST_KEY_UIMainStoryboardFile = Main;
				INFOPLIST_KEY_UISupportedInterfaceOrientations_iPad = "UIInterfaceOrientationPortrait UIInterfaceOrientationPortraitUpsideDown UIInterfaceOrientationLandscapeLeft UIInterfaceOrientationLandscapeRight";
				INFOPLIST_KEY_UISupportedInterfaceOrientations_iPhone = "UIInterfaceOrientationPortrait UIInterfaceOrientationLandscapeLeft UIInterfaceOrientationLandscapeRight";
				LD_RUNPATH_SEARCH_PATHS = (
					"$(inherited)",
					"@executable_path/Frameworks",
				);
				MARKETING_VERSION = 1.0;
				PRODUCT_BUNDLE_IDENTIFIER = pae.StickyCollectionHEader;
				PRODUCT_NAME = "$(TARGET_NAME)";
				SWIFT_EMIT_LOC_STRINGS = YES;
				SWIFT_VERSION = 5.0;
				TARGETED_DEVICE_FAMILY = "1,2";
			};
			name = Debug;
		};
		43B9982F28DF33A1007A431F /* Release */ = {
			isa = XCBuildConfiguration;
			buildSettings = {
				ASSETCATALOG_COMPILER_APPICON_NAME = AppIcon;
				ASSETCATALOG_COMPILER_GLOBAL_ACCENT_COLOR_NAME = AccentColor;
				CODE_SIGN_STYLE = Automatic;
				CURRENT_PROJECT_VERSION = 1;
				DEVELOPMENT_TEAM = 8K52FAQ674;
				GENERATE_INFOPLIST_FILE = YES;
				INFOPLIST_FILE = StickyCollectionHEader/Info.plist;
				INFOPLIST_KEY_UIApplicationSupportsIndirectInputEvents = YES;
				INFOPLIST_KEY_UILaunchStoryboardName = LaunchScreen;
				INFOPLIST_KEY_UIMainStoryboardFile = Main;
				INFOPLIST_KEY_UISupportedInterfaceOrientations_iPad = "UIInterfaceOrientationPortrait UIInterfaceOrientationPortraitUpsideDown UIInterfaceOrientationLandscapeLeft UIInterfaceOrientationLandscapeRight";
				INFOPLIST_KEY_UISupportedInterfaceOrientations_iPhone = "UIInterfaceOrientationPortrait UIInterfaceOrientationLandscapeLeft UIInterfaceOrientationLandscapeRight";
				LD_RUNPATH_SEARCH_PATHS = (
					"$(inherited)",
					"@executable_path/Frameworks",
				);
				MARKETING_VERSION = 1.0;
				PRODUCT_BUNDLE_IDENTIFIER = pae.StickyCollectionHEader;
				PRODUCT_NAME = "$(TARGET_NAME)";
				SWIFT_EMIT_LOC_STRINGS = YES;
				SWIFT_VERSION = 5.0;
				TARGETED_DEVICE_FAMILY = "1,2";
			};
			name = Release;
		};
/* End XCBuildConfiguration section */

/* Begin XCConfigurationList section */
		43B9981428DF3393007A431F /* Build configuration list for PBXProject "StickyCollectionHEader" */ = {
			isa = XCConfigurationList;
			buildConfigurations = (
				43B9982B28DF33A1007A431F /* Debug */,
				43B9982C28DF33A1007A431F /* Release */,
			);
			defaultConfigurationIsVisible = 0;
			defaultConfigurationName = Release;
		};
		43B9982D28DF33A1007A431F /* Build configuration list for PBXNativeTarget "StickyCollectionHEader" */ = {
			isa = XCConfigurationList;
			buildConfigurations = (
				43B9982E28DF33A1007A431F /* Debug */,
				43B9982F28DF33A1007A431F /* Release */,
			);
			defaultConfigurationIsVisible = 0;
			defaultConfigurationName = Release;
		};
/* End XCConfigurationList section */
	};
	rootObject = 43B9981128DF3393007A431F /* Project object */;
}
